Microsoft Visual Studio Solution File, Format Version 11.00
# Visual Studio 2008

Project("{448F07A0-09A1-18F8-8D6E-C8EB1B04A96F}") = "PrototipProject", "Assembly-CSharp-firstpass.csproj", "{402FFBCC-190F-9051-6C26-CCD6EDF48153}"
EndProject
Project("{448F07A0-09A1-18F8-8D6E-C8EB1B04A96F}") = "PrototipProject", "Assembly-CSharp.csproj", "{9687B1E2-7276-71F3-4D20-AE5FC84434AD}"
EndProject
Project("{448F07A0-09A1-18F8-8D6E-C8EB1B04A96F}") = "PrototipProject", "Assembly-CSharp-Editor.csproj", "{E68E85DE-C55D-B5D6-19BA-0CE895ADBE46}"
EndProject
Global
	GlobalSection(SolutionConfigurationPlatforms) = preSolution
		Debug|Any CPU = Debug|Any CPU
		Release|Any CPU = Release|Any CPU
	EndGlobalSection
	GlobalSection(ProjectConfigurationPlatforms) = postSolution
		{402FFBCC-190F-9051-6C26-CCD6EDF48153}.Debug|Any CPU.ActiveCfg = Debug|Any CPU
		{402FFBCC-190F-9051-6C26-CCD6EDF48153}.Debug|Any CPU.Build.0 = Debug|Any CPU
		{402FFBCC-190F-9051-6C26-CCD6EDF48153}.Release|Any CPU.ActiveCfg = Release|Any CPU
		{402FFBCC-190F-9051-6C26-CCD6EDF48153}.Release|Any CPU.Build.0 = Release|Any CPU
		{9687B1E2-7276-71F3-4D20-AE5FC84434AD}.Debug|Any CPU.ActiveCfg = Debug|Any CPU
		{9687B1E2-7276-71F3-4D20-AE5FC84434AD}.Debug|Any CPU.Build.0 = Debug|Any CPU
		{9687B1E2-7276-71F3-4D20-AE5FC84434AD}.Release|Any CPU.ActiveCfg = Release|Any CPU
		{9687B1E2-7276-71F3-4D20-AE5FC84434AD}.Release|Any CPU.Build.0 = Release|Any CPU
		{E68E85DE-C55D-B5D6-19BA-0CE895ADBE46}.Debug|Any CPU.ActiveCfg = Debug|Any CPU
		{E68E85DE-C55D-B5D6-19BA-0CE895ADBE46}.Debug|Any CPU.Build.0 = Debug|Any CPU
		{E68E85DE-C55D-B5D6-19BA-0CE895ADBE46}.Release|Any CPU.ActiveCfg = Release|Any CPU
		{E68E85DE-C55D-B5D6-19BA-0CE895ADBE46}.Release|Any CPU.Build.0 = Release|Any CPU
	EndGlobalSection
	GlobalSection(SolutionProperties) = preSolution
		HideSolutionNode = FALSE
	EndGlobalSection
	GlobalSection(MonoDevelopProperties) = preSolution
		StartupItem = Assembly-CSharp.csproj
	EndGlobalSection
EndGlobal
